
Microsoft Visual Studio Solution File, Format Version 12.00
# Visual Studio Version 16
VisualStudioVersion = 16.0.29926.136
MinimumVisualStudioVersion = 10.0.40219.1
Project("{9A19103F-16F7-4668-BE54-9A1E7A4F7556}") = "MVVMAcademy", "MVVMAcademy\MVVMAcademy.csproj", "{DD91DB94-450E-4F32-8F28-0C01426FF23F}"
EndProject
Project("{FAE04EC0-301F-11D3-BF4B-00C04F79EFBC}") = "MVVMAcademy.Lib", "MVVMAcademy.Libd\MVVMAcademy.Lib.csproj", "{FC00F95C-8B99-46EC-B2B7-BEEFCD801D1D}"
EndProject
Project("{FAE04EC0-301F-11D3-BF4B-00C04F79EFBC}") = "MVVMAcademy.Lib.DAL", "MVVMAcademy.Lib.DALa\MVVMAcademy.Lib.DAL.csproj", "{B49002CA-6E8D-426F-993F-8CD68FA1D041}"
EndProject
Global
	GlobalSection(SolutionConfigurationPlatforms) = preSolution
		Debug|Any CPU = Debug|Any CPU
		Release|Any CPU = Release|Any CPU
	EndGlobalSection
	GlobalSection(ProjectConfigurationPlatforms) = postSolution
		{DD91DB94-450E-4F32-8F28-0C01426FF23F}.Debug|Any CPU.ActiveCfg = Debug|Any CPU
		{DD91DB94-450E-4F32-8F28-0C01426FF23F}.Debug|Any CPU.Build.0 = Debug|Any CPU
		{DD91DB94-450E-4F32-8F28-0C01426FF23F}.Release|Any CPU.ActiveCfg = Release|Any CPU
		{DD91DB94-450E-4F32-8F28-0C01426FF23F}.Release|Any CPU.Build.0 = Release|Any CPU
		{FC00F95C-8B99-46EC-B2B7-BEEFCD801D1D}.Debug|Any CPU.ActiveCfg = Debug|Any CPU
		{FC00F95C-8B99-46EC-B2B7-BEEFCD801D1D}.Debug|Any CPU.Build.0 = Debug|Any CPU
		{FC00F95C-8B99-46EC-B2B7-BEEFCD801D1D}.Release|Any CPU.ActiveCfg = Release|Any CPU
		{FC00F95C-8B99-46EC-B2B7-BEEFCD801D1D}.Release|Any CPU.Build.0 = Release|Any CPU
		{B49002CA-6E8D-426F-993F-8CD68FA1D041}.Debug|Any CPU.ActiveCfg = Debug|Any CPU
		{B49002CA-6E8D-426F-993F-8CD68FA1D041}.Debug|Any CPU.Build.0 = Debug|Any CPU
		{B49002CA-6E8D-426F-993F-8CD68FA1D041}.Release|Any CPU.ActiveCfg = Release|Any CPU
		{B49002CA-6E8D-426F-993F-8CD68FA1D041}.Release|Any CPU.Build.0 = Release|Any CPU
	EndGlobalSection
	GlobalSection(SolutionProperties) = preSolution
		HideSolutionNode = FALSE
	EndGlobalSection
	GlobalSection(ExtensibilityGlobals) = postSolution
		SolutionGuid = {E050CB0E-A1C3-4CD2-99DE-AAA9F89C4C3F}
	EndGlobalSection
EndGlobal
